{
  "name": "typo-search",
  "version": "1.0.0",
  "lockfileVersion": 3,
  "requires": true,
  "packages": {
    "": {
      "name": "typo-search",
      "version": "1.0.0",
      "license": "ISC",
      "dependencies": {
        "double-metaphone": "^2.0.1",
        "talisman": "^1.1.4"
      }
    },
    "node_modules/double-metaphone": {
      "version": "2.0.1",
      "resolved": "https://registry.npmjs.org/double-metaphone/-/double-metaphone-2.0.1.tgz",
      "integrity": "sha512-oHqGfNo2bG/VTZSGFz98TWpyv3WD+d9TDOxwAY8L+zqwm4sGawNvEynegjPU+4HowE4HnIXSYAq0lst2YJgfzA==",
      "license": "MIT",
      "bin": {
        "double-metaphone": "cli.js"
      },
      "funding": {
        "type": "github",
        "url": "https://github.com/sponsors/wooorm"
      }
    },
    "node_modules/html-entities": {
      "version": "1.4.0",
      "resolved": "https://registry.npmjs.org/html-entities/-/html-entities-1.4.0.tgz",
      "integrity": "sha512-8nxjcBcd8wovbeKx7h3wTji4e6+rhaVuPNpMqwWgnHh+N9ToqsCs6XztWRBPQ+UtzsoMAdKZtUENoVzU/EMtZA==",
      "license": "MIT"
    },
    "node_modules/lodash": {
      "version": "4.18.1",
      "resolved": "https://registry.npmjs.org/lodash/-/lodash-4.18.1.tgz",
      "integrity": "sha512-dMInicTPVE8d1e5otfwmmjlxkZoUpiVLwyeTdUsi/Caj/gfzzblBcCE5sRHV/AsjuCmxWrte2TNGSYuCeCq+0Q==",
      "license": "MIT"
    },
    "node_modules/long": {
      "version": "4.0.0",
      "resolved": "https://registry.npmjs.org/long/-/long-4.0.0.tgz",
      "integrity": "sha512-XsP+KhQif4bjX1kbuSiySJFNAehNxgLb6hPRGJ9QsUr8ajHkuXGdrHmFUTUUXhDwVX2R5bY4JNZEwbUiMhV+MA==",
      "license": "Apache-2.0"
    },
    "node_modules/mnemonist": {
      "version": "0.38.5",
      "resolved": "https://registry.npmjs.org/mnemonist/-/mnemonist-0.38.5.tgz",
      "integrity": "sha512-bZTFT5rrPKtPJxj8KSV0WkPyNxl72vQepqqVUAW2ARUpUSF2qXMB6jZj7hW5/k7C1rtpzqbD/IIbJwLXUjCHeg==",
      "license": "MIT",
      "dependencies": {
        "obliterator": "^2.0.0"
      }
    },
    "node_modules/mnemonist/node_modules/obliterator": {
      "version": "2.0.5",
      "resolved": "https://registry.npmjs.org/obliterator/-/obliterator-2.0.5.tgz",
      "integrity": "sha512-42CPE9AhahZRsMNslczq0ctAEtqk8Eka26QofnqC346BZdHDySk3LWka23LI7ULIw11NmltpiLagIq8gBozxTw==",
      "license": "MIT"
    },
    "node_modules/obliterator": {
      "version": "1.6.1",
      "resolved": "https://registry.npmjs.org/obliterator/-/obliterator-1.6.1.tgz",
      "integrity": "sha512-9WXswnqINnnhOG/5SLimUlzuU1hFJUc8zkwyD59Sd+dPOMf05PmnYG/d6Q7HZ+KmgkZJa1PxRso6QdM3sTNHig==",
      "license": "MIT"
    },
    "node_modules/pandemonium": {
      "version": "2.4.1",
      "resolved": "https://registry.npmjs.org/pandemonium/-/pandemonium-2.4.1.tgz",
      "integrity": "sha512-wRqjisUyiUfXowgm7MFH2rwJzKIr20rca5FsHXCMNm1W5YPP1hCtrZfgmQ62kP7OZ7Xt+cR858aB28lu5NX55g==",
      "license": "MIT",
      "dependencies": {
        "mnemonist": "^0.39.2"
      }
    },
    "node_modules/pandemonium/node_modules/mnemonist": {
      "version": "0.39.8",
      "resolved": "https://registry.npmjs.org/mnemonist/-/mnemonist-0.39.8.tgz",
      "integrity": "sha512-vyWo2K3fjrUw8YeeZ1zF0fy6Mu59RHokURlld8ymdUPjMlD9EC9ov1/YPqTgqRvUN9nTr3Gqfz29LYAmu0PHPQ==",
      "license": "MIT",
      "dependencies": {
        "obliterator": "^2.0.1"
      }
    },
    "node_modules/pandemonium/node_modules/obliterator": {
      "version": "2.0.5",
      "resolved": "https://registry.npmjs.org/obliterator/-/obliterator-2.0.5.tgz",
      "integrity": "sha512-42CPE9AhahZRsMNslczq0ctAEtqk8Eka26QofnqC346BZdHDySk3LWka23LI7ULIw11NmltpiLagIq8gBozxTw==",
      "license": "MIT"
    },
    "node_modules/talisman": {
      "version": "1.1.4",
      "resolved": "https://registry.npmjs.org/talisman/-/talisman-1.1.4.tgz",
      "integrity": "sha512-XZ/vf5B2aW5A0c0CE6F6w/UgdBdD/0ClBgh/phpYSjV1CnQIFni3bKZ1z9ZXWHkGZRSpnbiWWMPx05DoxXBoFw==",
      "license": "MIT",
      "dependencies": {
        "html-entities": "^1.4.0",
        "lodash": "^4.17.20",
        "long": "^4.0.0",
        "mnemonist": "^0.38.1",
        "obliterator": "^1.6.1",
        "pandemonium": "^2.0.0"
      }
    }
  }
}
